
Microsoft Visual Studio Solution File, Format Version 12.00
Project("{FAE04EC0-301F-11D3-BF4B-00C04F79EFBC}") = "PlannerMcp", "PlannerMcp\PlannerMcp.csproj", "{B67164DD-A85C-41B0-9A22-6A1776A1CA7C}"
EndProject
Project("{2150E333-8FDC-42A3-9474-1A3956D46DE8}") = "Docs", "Docs", "{7D79CA76-C34D-4BA1-938D-E9647AC10C09}"
	ProjectSection(SolutionItems) = preProject
		ReadMe.md = ReadMe.md
	EndProjectSection
EndProject
Global
	GlobalSection(SolutionConfigurationPlatforms) = preSolution
		Debug|Any CPU = Debug|Any CPU
		Release|Any CPU = Release|Any CPU
	EndGlobalSection
	GlobalSection(ProjectConfigurationPlatforms) = postSolution
		{B67164DD-A85C-41B0-9A22-6A1776A1CA7C}.Debug|Any CPU.ActiveCfg = Debug|Any CPU
		{B67164DD-A85C-41B0-9A22-6A1776A1CA7C}.Debug|Any CPU.Build.0 = Debug|Any CPU
		{B67164DD-A85C-41B0-9A22-6A1776A1CA7C}.Release|Any CPU.ActiveCfg = Release|Any CPU
		{B67164DD-A85C-41B0-9A22-6A1776A1CA7C}.Release|Any CPU.Build.0 = Release|Any CPU
	EndGlobalSection
EndGlobal
